// !$*UTF8*$!
{
	archiveVersion = 1;
	classes = {
	};
	objectVersion = 50;
	objects = {

/* Begin PBXBuildFile section */
		BFBE12C4273BABF400E603E0 /* AppDelegate.swift in Sources */ = {isa = PBXBuildFile; fileRef = BFBE12C3273BABF400E603E0 /* AppDelegate.swift */; };
		BFBE12C6273BABF400E603E0 /* SceneDelegate.swift in Sources */ = {isa = PBXBuildFile; fileRef = BFBE12C5273BABF400E603E0 /* SceneDelegate.swift */; };
		BFBE12CE273BABF400E603E0 /* MySavingWorldTeam.xcdatamodeld in Sources */ = {isa = PBXBuildFile; fileRef = BFBE12CC273BABF400E603E0 /* MySavingWorldTeam.xcdatamodeld */; };
		BFBE12D0273BABF600E603E0 /* Assets.xcassets in Resources */ = {isa = PBXBuildFile; fileRef = BFBE12CF273BABF600E603E0 /* Assets.xcassets */; };
		BFBE12D3273BABF600E603E0 /* LaunchScreen.storyboard in Resources */ = {isa = PBXBuildFile; fileRef = BFBE12D1273BABF600E603E0 /* LaunchScreen.storyboard */; };
		BFBE12DC273BAC5700E603E0 /* TeamListViewController.swift in Sources */ = {isa = PBXBuildFile; fileRef = BFBE12DB273BAC5700E603E0 /* TeamListViewController.swift */; };
		BFBE12DF273BAD4000E603E0 /* mr_OzHandicraft_BTG.otf in Resources */ = {isa = PBXBuildFile; fileRef = BFBE12DE273BAD4000E603E0 /* mr_OzHandicraft_BTG.otf */; };
		BFBE12E2273BAD6500E603E0 /* Team.swift in Sources */ = {isa = PBXBuildFile; fileRef = BFBE12E1273BAD6500E603E0 /* Team.swift */; };
		BFBE12E5273BADB900E603E0 /* CustomBarButton.swift in Sources */ = {isa = PBXBuildFile; fileRef = BFBE12E4273BADB900E603E0 /* CustomBarButton.swift */; };
		BFBE12E7273BADDA00E603E0 /* helper.swift in Sources */ = {isa = PBXBuildFile; fileRef = BFBE12E6273BADDA00E603E0 /* helper.swift */; };
		BFBE12EA273BAE1500E603E0 /* TeamViewController.swift in Sources */ = {isa = PBXBuildFile; fileRef = BFBE12E9273BAE1500E603E0 /* TeamViewController.swift */; };
		BFBE12EC273BAE8800E603E0 /* ObserverForKeyboard.swift in Sources */ = {isa = PBXBuildFile; fileRef = BFBE12EB273BAE8800E603E0 /* ObserverForKeyboard.swift */; };
/* End PBXBuildFile section */

/* Begin PBXFileReference section */
		BFBE12C0273BABF400E603E0 /* MySavingWorldTeam.app */ = {isa = PBXFileReference; explicitFileType = wrapper.application; includeInIndex = 0; path = MySavingWorldTeam.app; sourceTree = BUILT_PRODUCTS_DIR; };
		BFBE12C3273BABF400E603E0 /* AppDelegate.swift */ = {isa = PBXFileReference; lastKnownFileType = sourcecode.swift; path = AppDelegate.swift; sourceTree = "<group>"; };
		BFBE12C5273BABF400E603E0 /* SceneDelegate.swift */ = {isa = PBXFileReference; lastKnownFileType = sourcecode.swift; path = SceneDelegate.swift; sourceTree = "<group>"; };
		BFBE12CD273BABF400E603E0 /* MySavingWorldTeam.xcdatamodel */ = {isa = PBXFileReference; lastKnownFileType = wrapper.xcdatamodel; path = MySavingWorldTeam.xcdatamodel; sourceTree = "<group>"; };
		BFBE12CF273BABF600E603E0 /* Assets.xcassets */ = {isa = PBXFileReference; lastKnownFileType = folder.assetcatalog; path = Assets.xcassets; sourceTree = "<group>"; };
		BFBE12D2273BABF600E603E0 /* Base */ = {isa = PBXFileReference; lastKnownFileType = file.storyboard; name = Base; path = Base.lproj/LaunchScreen.storyboard; sourceTree = "<group>"; };
		BFBE12D4273BABF600E603E0 /* Info.plist */ = {isa = PBXFileReference; lastKnownFileType = text.plist.xml; path = Info.plist; sourceTree = "<group>"; };
		BFBE12DB273BAC5700E603E0 /* TeamListViewController.swift */ = {isa = PBXFileReference; lastKnownFileType = sourcecode.swift; path = TeamListViewController.swift; sourceTree = "<group>"; };
		BFBE12DE273BAD4000E603E0 /* mr_OzHandicraft_BTG.otf */ = {isa = PBXFileReference; lastKnownFileType = file; path = mr_OzHandicraft_BTG.otf; sourceTree = "<group>"; };
		BFBE12E1273BAD6500E603E0 /* Team.swift */ = {isa = PBXFileReference; lastKnownFileType = sourcecode.swift; path = Team.swift; sourceTree = "<group>"; };
		BFBE12E4273BADB900E603E0 /* CustomBarButton.swift */ = {isa = PBXFileReference; lastKnownFileType = sourcecode.swift; path = CustomBarButton.swift; sourceTree = "<group>"; };
		BFBE12E6273BADDA00E603E0 /* helper.swift */ = {isa = PBXFileReference; lastKnownFileType = sourcecode.swift; path = helper.swift; sourceTree = "<group>"; };
		BFBE12E9273BAE1500E603E0 /* TeamViewController.swift */ = {isa = PBXFileReference; lastKnownFileType = sourcecode.swift; path = TeamViewController.swift; sourceTree = "<group>"; };
		BFBE12EB273BAE8800E603E0 /* ObserverForKeyboard.swift */ = {isa = PBXFileReference; lastKnownFileType = sourcecode.swift; path = ObserverForKeyboard.swift; sourceTree = "<group>"; };
/* End PBXFileReference section */

/* Begin PBXFrameworksBuildPhase section */
		BFBE12BD273BABF400E603E0 /* Frameworks */ = {
			isa = PBXFrameworksBuildPhase;
			buildActionMask = 2147483647;
			files = (
			);
			runOnlyForDeploymentPostprocessing = 0;
		};
/* End PBXFrameworksBuildPhase section */

/* Begin PBXGroup section */
		BFBE12B7273BABF400E603E0 = {
			isa = PBXGroup;
			children = (
				BFBE12C2273BABF400E603E0 /* MySavingWorldTeam */,
				BFBE12C1273BABF400E603E0 /* Products */,
			);
			sourceTree = "<group>";
		};
		BFBE12C1273BABF400E603E0 /* Products */ = {
			isa = PBXGroup;
			children = (
				BFBE12C0273BABF400E603E0 /* MySavingWorldTeam.app */,
			);
			name = Products;
			sourceTree = "<group>";
		};
		BFBE12C2273BABF400E603E0 /* MySavingWorldTeam */ = {
			isa = PBXGroup;
			children = (
				BFBE12E8273BADFF00E603E0 /* TeamView */,
				BFBE12E3273BAD9C00E603E0 /* Extensions */,
				BFBE12E0273BAD4D00E603E0 /* Model */,
				BFBE12DD273BAD2F00E603E0 /* Fonts */,
				BFBE12DA273BAC4500E603E0 /* TeamList */,
				BFBE12C3273BABF400E603E0 /* AppDelegate.swift */,
				BFBE12C5273BABF400E603E0 /* SceneDelegate.swift */,
				BFBE12CF273BABF600E603E0 /* Assets.xcassets */,
				BFBE12D1273BABF600E603E0 /* LaunchScreen.storyboard */,
				BFBE12D4273BABF600E603E0 /* Info.plist */,
				BFBE12CC273BABF400E603E0 /* MySavingWorldTeam.xcdatamodeld */,
			);
			path = MySavingWorldTeam;
			sourceTree = "<group>";
		};
		BFBE12DA273BAC4500E603E0 /* TeamList */ = {
			isa = PBXGroup;
			children = (
				BFBE12DB273BAC5700E603E0 /* TeamListViewController.swift */,
			);
			path = TeamList;
			sourceTree = "<group>";
		};
		BFBE12DD273BAD2F00E603E0 /* Fonts */ = {
			isa = PBXGroup;
			children = (
				BFBE12DE273BAD4000E603E0 /* mr_OzHandicraft_BTG.otf */,
			);
			path = Fonts;
			sourceTree = "<group>";
		};
		BFBE12E0273BAD4D00E603E0 /* Model */ = {
			isa = PBXGroup;
			children = (
				BFBE12E1273BAD6500E603E0 /* Team.swift */,
			);
			path = Model;
			sourceTree = "<group>";
		};
		BFBE12E3273BAD9C00E603E0 /* Extensions */ = {
			isa = PBXGroup;
			children = (
				BFBE12E4273BADB900E603E0 /* CustomBarButton.swift */,
				BFBE12E6273BADDA00E603E0 /* helper.swift */,
			);
			path = Extensions;
			sourceTree = "<group>";
		};
		BFBE12E8273BADFF00E603E0 /* TeamView */ = {
			isa = PBXGroup;
			children = (
				BFBE12E9273BAE1500E603E0 /* TeamViewController.swift */,
				BFBE12EB273BAE8800E603E0 /* ObserverForKeyboard.swift */,
			);
			path = TeamView;
			sourceTree = "<group>";
		};
/* End PBXGroup section */

/* Begin PBXNativeTarget section */
		BFBE12BF273BABF400E603E0 /* MySavingWorldTeam */ = {
			isa = PBXNativeTarget;
			buildConfigurationList = BFBE12D7273BABF600E603E0 /* Build configuration list for PBXNativeTarget "MySavingWorldTeam" */;
			buildPhases = (
				BFBE12BC273BABF400E603E0 /* Sources */,
				BFBE12BD273BABF400E603E0 /* Frameworks */,
				BFBE12BE273BABF400E603E0 /* Resources */,
			);
			buildRules = (
			);
			dependencies = (
			);
			name = MySavingWorldTeam;
			productName = MySavingWorldTeam;
			productReference = BFBE12C0273BABF400E603E0 /* MySavingWorldTeam.app */;
			productType = "com.apple.product-type.application";
		};
/* End PBXNativeTarget section */

/* Begin PBXProject section */
		BFBE12B8273BABF400E603E0 /* Project object */ = {
			isa = PBXProject;
			attributes = {
				LastSwiftUpdateCheck = 1250;
				LastUpgradeCheck = 1250;
				TargetAttributes = {
					BFBE12BF273BABF400E603E0 = {
						CreatedOnToolsVersion = 12.5.1;
					};
				};
			};
			buildConfigurationList = BFBE12BB273BABF400E603E0 /* Build configuration list for PBXProject "MySavingWorldTeam" */;
			compatibilityVersion = "Xcode 9.3";
			developmentRegion = en;
			hasScannedForEncodings = 0;
			knownRegions = (
				en,
				Base,
			);
			mainGroup = BFBE12B7273BABF400E603E0;
			productRefGroup = BFBE12C1273BABF400E603E0 /* Products */;
			projectDirPath = "";
			projectRoot = "";
			targets = (
				BFBE12BF273BABF400E603E0 /* MySavingWorldTeam */,
			);
		};
/* End PBXProject section */

/* Begin PBXResourcesBuildPhase section */
		BFBE12BE273BABF400E603E0 /* Resources */ = {
			isa = PBXResourcesBuildPhase;
			buildActionMask = 2147483647;
			files = (
				BFBE12DF273BAD4000E603E0 /* mr_OzHandicraft_BTG.otf in Resources */,
				BFBE12D3273BABF600E603E0 /* LaunchScreen.storyboard in Resources */,
				BFBE12D0273BABF600E603E0 /* Assets.xcassets in Resources */,
			);
			runOnlyForDeploymentPostprocessing = 0;
		};
/* End PBXResourcesBuildPhase section */

/* Begin PBXSourcesBuildPhase section */
		BFBE12BC273BABF400E603E0 /* Sources */ = {
			isa = PBXSourcesBuildPhase;
			buildActionMask = 2147483647;
			files = (
				BFBE12C4273BABF400E603E0 /* AppDelegate.swift in Sources */,
				BFBE12EA273BAE1500E603E0 /* TeamViewController.swift in Sources */,
				BFBE12DC273BAC5700E603E0 /* TeamListViewController.swift in Sources */,
				BFBE12E7273BADDA00E603E0 /* helper.swift in Sources */,
				BFBE12C6273BABF400E603E0 /* SceneDelegate.swift in Sources */,
				BFBE12E2273BAD6500E603E0 /* Team.swift in Sources */,
				BFBE12E5273BADB900E603E0 /* CustomBarButton.swift in Sources */,
				BFBE12CE273BABF400E603E0 /* MySavingWorldTeam.xcdatamodeld in Sources */,
				BFBE12EC273BAE8800E603E0 /* ObserverForKeyboard.swift in Sources */,
			);
			runOnlyForDeploymentPostprocessing = 0;
		};
/* End PBXSourcesBuildPhase section */

/* Begin PBXVariantGroup section */
		BFBE12D1273BABF600E603E0 /* LaunchScreen.storyboard */ = {
			isa = PBXVariantGroup;
			children = (
				BFBE12D2273BABF600E603E0 /* Base */,
			);
			name = LaunchScreen.storyboard;
			sourceTree = "<group>";
		};
/* End PBXVariantGroup section */

/* Begin XCBuildConfiguration section */
		BFBE12D5273BABF600E603E0 /* Debug */ = {
			isa = XCBuildConfiguration;
			buildSettings = {
				ALWAYS_SEARCH_USER_PATHS = NO;
				CLANG_ANALYZER_NONNULL = YES;
				CLANG_ANALYZER_NUMBER_OBJECT_CONVERSION = YES_AGGRESSIVE;
				CLANG_CXX_LANGUAGE_STANDARD = "gnu++14";
				CLANG_CXX_LIBRARY = "libc++";
				CLANG_ENABLE_MODULES = YES;
				CLANG_ENABLE_OBJC_ARC = YES;
				CLANG_ENABLE_OBJC_WEAK = YES;
				CLANG_WARN_BLOCK_CAPTURE_AUTORELEASING = YES;
				CLANG_WARN_BOOL_CONVERSION = YES;
				CLANG_WARN_COMMA = YES;
				CLANG_WARN_CONSTANT_CONVERSION = YES;
				CLANG_WARN_DEPRECATED_OBJC_IMPLEMENTATIONS = YES;
				CLANG_WARN_DIRECT_OBJC_ISA_USAGE = YES_ERROR;
				CLANG_WARN_DOCUMENTATION_COMMENTS = YES;
				CLANG_WARN_EMPTY_BODY = YES;
				CLANG_WARN_ENUM_CONVERSION = YES;
				CLANG_WARN_INFINITE_RECURSION = YES;
				CLANG_WARN_INT_CONVERSION = YES;
				CLANG_WARN_NON_LITERAL_NULL_CONVERSION = YES;
				CLANG_WARN_OBJC_IMPLICIT_RETAIN_SELF = YES;
				CLANG_WARN_OBJC_LITERAL_CONVERSION = YES;
				CLANG_WARN_OBJC_ROOT_CLASS = YES_ERROR;
				CLANG_WARN_QUOTED_INCLUDE_IN_FRAMEWORK_HEADER = YES;
				CLANG_WARN_RANGE_LOOP_ANALYSIS = YES;
				CLANG_WARN_STRICT_PROTOTYPES = YES;
				CLANG_WARN_SUSPICIOUS_MOVE = YES;
				CLANG_WARN_UNGUARDED_AVAILABILITY = YES_AGGRESSIVE;
				CLANG_WARN_UNREACHABLE_CODE = YES;
				CLANG_WARN__DUPLICATE_METHOD_MATCH = YES;
				COPY_PHASE_STRIP = NO;
				DEBUG_INFORMATION_FORMAT = dwarf;
				ENABLE_STRICT_OBJC_MSGSEND = YES;
				ENABLE_TESTABILITY = YES;
				GCC_C_LANGUAGE_STANDARD = gnu11;
				GCC_DYNAMIC_NO_PIC = NO;
				GCC_NO_COMMON_BLOCKS = YES;
				GCC_OPTIMIZATION_LEVEL = 0;
				GCC_PREPROCESSOR_DEFINITIONS = (
					"DEBUG=1",
					"$(inherited)",
				);
				GCC_WARN_64_TO_32_BIT_CONVERSION = YES;
				GCC_WARN_ABOUT_RETURN_TYPE = YES_ERROR;
				GCC_WARN_UNDECLARED_SELECTOR = YES;
				GCC_WARN_UNINITIALIZED_AUTOS = YES_AGGRESSIVE;
				GCC_WARN_UNUSED_FUNCTION = YES;
				GCC_WARN_UNUSED_VARIABLE = YES;
				IPHONEOS_DEPLOYMENT_TARGET = 14.5;
				MTL_ENABLE_DEBUG_INFO = INCLUDE_SOURCE;
				MTL_FAST_MATH = YES;
				ONLY_ACTIVE_ARCH = YES;
				SDKROOT = iphoneos;
				SWIFT_ACTIVE_COMPILATION_CONDITIONS = DEBUG;
				SWIFT_OPTIMIZATION_LEVEL = "-Onone";
			};
			name = Debug;
		};
		BFBE12D6273BABF600E603E0 /* Release */ = {
			isa = XCBuildConfiguration;
			buildSettings = {
				ALWAYS_SEARCH_USER_PATHS = NO;
				CLANG_ANALYZER_NONNULL = YES;
				CLANG_ANALYZER_NUMBER_OBJECT_CONVERSION = YES_AGGRESSIVE;
				CLANG_CXX_LANGUAGE_STANDARD = "gnu++14";
				CLANG_CXX_LIBRARY = "libc++";
				CLANG_ENABLE_MODULES = YES;
				CLANG_ENABLE_OBJC_ARC = YES;
				CLANG_ENABLE_OBJC_WEAK = YES;
				CLANG_WARN_BLOCK_CAPTURE_AUTORELEASING = YES;
				CLANG_WARN_BOOL_CONVERSION = YES;
				CLANG_WARN_COMMA = YES;
				CLANG_WARN_CONSTANT_CONVERSION = YES;
				CLANG_WARN_DEPRECATED_OBJC_IMPLEMENTATIONS = YES;
				CLANG_WARN_DIRECT_OBJC_ISA_USAGE = YES_ERROR;
				CLANG_WARN_DOCUMENTATION_COMMENTS = YES;
				CLANG_WARN_EMPTY_BODY = YES;
				CLANG_WARN_ENUM_CONVERSION = YES;
				CLANG_WARN_INFINITE_RECURSION = YES;
				CLANG_WARN_INT_CONVERSION = YES;
				CLANG_WARN_NON_LITERAL_NULL_CONVERSION = YES;
				CLANG_WARN_OBJC_IMPLICIT_RETAIN_SELF = YES;
				CLANG_WARN_OBJC_LITERAL_CONVERSION = YES;
				CLANG_WARN_OBJC_ROOT_CLASS = YES_ERROR;
				CLANG_WARN_QUOTED_INCLUDE_IN_FRAMEWORK_HEADER = YES;
				CLANG_WARN_RANGE_LOOP_ANALYSIS = YES;
				CLANG_WARN_STRICT_PROTOTYPES = YES;
				CLANG_WARN_SUSPICIOUS_MOVE = YES;
				CLANG_WARN_UNGUARDED_AVAILABILITY = YES_AGGRESSIVE;
				CLANG_WARN_UNREACHABLE_CODE = YES;
				CLANG_WARN__DUPLICATE_METHOD_MATCH = YES;
				COPY_PHASE_STRIP = NO;
				DEBUG_INFORMATION_FORMAT = "dwarf-with-dsym";
				ENABLE_NS_ASSERTIONS = NO;
				ENABLE_STRICT_OBJC_MSGSEND = YES;
				GCC_C_LANGUAGE_STANDARD = gnu11;
				GCC_NO_COMMON_BLOCKS = YES;
				GCC_WARN_64_TO_32_BIT_CONVERSION = YES;
				GCC_WARN_ABOUT_RETURN_TYPE = YES_ERROR;
				GCC_WARN_UNDECLARED_SELECTOR = YES;
				GCC_WARN_UNINITIALIZED_AUTOS = YES_AGGRESSIVE;
				GCC_WARN_UNUSED_FUNCTION = YES;
				GCC_WARN_UNUSED_VARIABLE = YES;
				IPHONEOS_DEPLOYMENT_TARGET = 14.5;
				MTL_ENABLE_DEBUG_INFO = NO;
				MTL_FAST_MATH = YES;
				SDKROOT = iphoneos;
				SWIFT_COMPILATION_MODE = wholemodule;
				SWIFT_OPTIMIZATION_LEVEL = "-O";
				VALIDATE_PRODUCT = YES;
			};
			name = Release;
		};
		BFBE12D8273BABF600E603E0 /* Debug */ = {
			isa = XCBuildConfiguration;
			buildSettings = {
				ASSETCATALOG_COMPILER_APPICON_NAME = AppIcon;
				ASSETCATALOG_COMPILER_GLOBAL_ACCENT_COLOR_NAME = AccentColor;
				CODE_SIGN_STYLE = Automatic;
				INFOPLIST_FILE = MySavingWorldTeam/Info.plist;
				LD_RUNPATH_SEARCH_PATHS = (
					"$(inherited)",
					"@executable_path/Frameworks",
				);
				PRODUCT_BUNDLE_IDENTIFIER = ru.DrankinaElena.MySavingWorldTeam;
				PRODUCT_NAME = "$(TARGET_NAME)";
				SWIFT_VERSION = 5.0;
				TARGETED_DEVICE_FAMILY = 1;
			};
			name = Debug;
		};
		BFBE12D9273BABF600E603E0 /* Release */ = {
			isa = XCBuildConfiguration;
			buildSettings = {
				ASSETCATALOG_COMPILER_APPICON_NAME = AppIcon;
				ASSETCATALOG_COMPILER_GLOBAL_ACCENT_COLOR_NAME = AccentColor;
				CODE_SIGN_STYLE = Automatic;
				INFOPLIST_FILE = MySavingWorldTeam/Info.plist;
				LD_RUNPATH_SEARCH_PATHS = (
					"$(inherited)",
					"@executable_path/Frameworks",
				);
				PRODUCT_BUNDLE_IDENTIFIER = ru.DrankinaElena.MySavingWorldTeam;
				PRODUCT_NAME = "$(TARGET_NAME)";
				SWIFT_VERSION = 5.0;
				TARGETED_DEVICE_FAMILY = 1;
			};
			name = Release;
		};
/* End XCBuildConfiguration section */

/* Begin XCConfigurationList section */
		BFBE12BB273BABF400E603E0 /* Build configuration list for PBXProject "MySavingWorldTeam" */ = {
			isa = XCConfigurationList;
			buildConfigurations = (
				BFBE12D5273BABF600E603E0 /* Debug */,
				BFBE12D6273BABF600E603E0 /* Release */,
			);
			defaultConfigurationIsVisible = 0;
			defaultConfigurationName = Release;
		};
		BFBE12D7273BABF600E603E0 /* Build configuration list for PBXNativeTarget "MySavingWorldTeam" */ = {
			isa = XCConfigurationList;
			buildConfigurations = (
				BFBE12D8273BABF600E603E0 /* Debug */,
				BFBE12D9273BABF600E603E0 /* Release */,
			);
			defaultConfigurationIsVisible = 0;
			defaultConfigurationName = Release;
		};
/* End XCConfigurationList section */

/* Begin XCVersionGroup section */
		BFBE12CC273BABF400E603E0 /* MySavingWorldTeam.xcdatamodeld */ = {
			isa = XCVersionGroup;
			children = (
				BFBE12CD273BABF400E603E0 /* MySavingWorldTeam.xcdatamodel */,
			);
			currentVersion = BFBE12CD273BABF400E603E0 /* MySavingWorldTeam.xcdatamodel */;
			path = MySavingWorldTeam.xcdatamodeld;
			sourceTree = "<group>";
			versionGroupType = wrapper.xcdatamodel;
		};
/* End XCVersionGroup section */
	};
	rootObject = BFBE12B8273BABF400E603E0 /* Project object */;
}
